// !$*UTF8*$!
{
	archiveVersion = 1;
	classes = {
	};
	objectVersion = 46;
	objects = {

/* Begin PBXBuildFile section */
		2B3336021F6D2E110009BB26 /* GoogleService-Info.plist in Resources */ = {isa = PBXBuildFile; fileRef = 2B3336011F6D2E110009BB26 /* GoogleService-Info.plist */; };
		5179095B1F6D24D600F26C25 /* AppDelegate.swift in Sources */ = {isa = PBXBuildFile; fileRef = 5179095A1F6D24D600F26C25 /* AppDelegate.swift */; };
		5179095D1F6D24D600F26C25 /* ViewController.swift in Sources */ = {isa = PBXBuildFile; fileRef = 5179095C1F6D24D600F26C25 /* ViewController.swift */; };
		517909601F6D24D600F26C25 /* Main.storyboard in Resources */ = {isa = PBXBuildFile; fileRef = 5179095E1F6D24D600F26C25 /* Main.storyboard */; };
		517909621F6D24D600F26C25 /* Assets.xcassets in Resources */ = {isa = PBXBuildFile; fileRef = 517909611F6D24D600F26C25 /* Assets.xcassets */; };
		517909651F6D24D600F26C25 /* LaunchScreen.storyboard in Resources */ = {isa = PBXBuildFile; fileRef = 517909631F6D24D600F26C25 /* LaunchScreen.storyboard */; };
		51AC2D431F6DA91300C8AA06 /* LoginViewController.swift in Sources */ = {isa = PBXBuildFile; fileRef = 51AC2D421F6DA91300C8AA06 /* LoginViewController.swift */; };
		51AC2D481F6DDE2F00C8AA06 /* DrawViewController.swift in Sources */ = {isa = PBXBuildFile; fileRef = 51AC2D471F6DDE2F00C8AA06 /* DrawViewController.swift */; };
		6159504102BD634D10D1FC8F /* Pods_swag_htn.framework in Frameworks */ = {isa = PBXBuildFile; fileRef = 9785066EC4CCCFDC94B0EC67 /* Pods_swag_htn.framework */; };
/* End PBXBuildFile section */

/* Begin PBXFileReference section */
		2B3336011F6D2E110009BB26 /* GoogleService-Info.plist */ = {isa = PBXFileReference; fileEncoding = 4; lastKnownFileType = text.plist.xml; path = "GoogleService-Info.plist"; sourceTree = "<group>"; };
		517909571F6D24D600F26C25 /* swag-htn.app */ = {isa = PBXFileReference; explicitFileType = wrapper.application; includeInIndex = 0; path = "swag-htn.app"; sourceTree = BUILT_PRODUCTS_DIR; };
		5179095A1F6D24D600F26C25 /* AppDelegate.swift */ = {isa = PBXFileReference; lastKnownFileType = sourcecode.swift; path = AppDelegate.swift; sourceTree = "<group>"; };
		5179095C1F6D24D600F26C25 /* ViewController.swift */ = {isa = PBXFileReference; lastKnownFileType = sourcecode.swift; path = ViewController.swift; sourceTree = "<group>"; };
		5179095F1F6D24D600F26C25 /* Base */ = {isa = PBXFileReference; lastKnownFileType = file.storyboard; name = Base; path = Base.lproj/Main.storyboard; sourceTree = "<group>"; };
		517909611F6D24D600F26C25 /* Assets.xcassets */ = {isa = PBXFileReference; lastKnownFileType = folder.assetcatalog; path = Assets.xcassets; sourceTree = "<group>"; };
		517909641F6D24D600F26C25 /* Base */ = {isa = PBXFileReference; lastKnownFileType = file.storyboard; name = Base; path = Base.lproj/LaunchScreen.storyboard; sourceTree = "<group>"; };
		517909661F6D24D600F26C25 /* Info.plist */ = {isa = PBXFileReference; lastKnownFileType = text.plist.xml; path = Info.plist; sourceTree = "<group>"; };
		51AC2D421F6DA91300C8AA06 /* LoginViewController.swift */ = {isa = PBXFileReference; fileEncoding = 4; lastKnownFileType = sourcecode.swift; path = LoginViewController.swift; sourceTree = "<group>"; };
		51AC2D441F6DAA2F00C8AA06 /* swag-htn.entitlements */ = {isa = PBXFileReference; lastKnownFileType = text.plist.entitlements; path = "swag-htn.entitlements"; sourceTree = "<group>"; };
		51AC2D471F6DDE2F00C8AA06 /* DrawViewController.swift */ = {isa = PBXFileReference; fileEncoding = 4; lastKnownFileType = sourcecode.swift; path = DrawViewController.swift; sourceTree = "<group>"; };
		9785066EC4CCCFDC94B0EC67 /* Pods_swag_htn.framework */ = {isa = PBXFileReference; explicitFileType = wrapper.framework; includeInIndex = 0; path = Pods_swag_htn.framework; sourceTree = BUILT_PRODUCTS_DIR; };
		A8543DB858CC117AE6F2D902 /* Pods-swag-htn.debug.xcconfig */ = {isa = PBXFileReference; includeInIndex = 1; lastKnownFileType = text.xcconfig; name = "Pods-swag-htn.debug.xcconfig"; path = "Pods/Target Support Files/Pods-swag-htn/Pods-swag-htn.debug.xcconfig"; sourceTree = "<group>"; };
		BCF052D0BDF16D743F5BE26C /* Pods-swag-htn.release.xcconfig */ = {isa = PBXFileReference; includeInIndex = 1; lastKnownFileType = text.xcconfig; name = "Pods-swag-htn.release.xcconfig"; path = "Pods/Target Support Files/Pods-swag-htn/Pods-swag-htn.release.xcconfig"; sourceTree = "<group>"; };
/* End PBXFileReference section */

/* Begin PBXFrameworksBuildPhase section */
		517909541F6D24D600F26C25 /* Frameworks */ = {
			isa = PBXFrameworksBuildPhase;
			buildActionMask = 2147483647;
			files = (
				6159504102BD634D10D1FC8F /* Pods_swag_htn.framework in Frameworks */,
			);
			runOnlyForDeploymentPostprocessing = 0;
		};
/* End PBXFrameworksBuildPhase section */

/* Begin PBXGroup section */
		1C7AD1B0D1905FE30C0140BC /* Pods */ = {
			isa = PBXGroup;
			children = (
				A8543DB858CC117AE6F2D902 /* Pods-swag-htn.debug.xcconfig */,
				BCF052D0BDF16D743F5BE26C /* Pods-swag-htn.release.xcconfig */,
			);
			name = Pods;
			sourceTree = "<group>";
		};
		5179094E1F6D24D600F26C25 = {
			isa = PBXGroup;
			children = (
				517909591F6D24D600F26C25 /* swag-htn */,
				517909581F6D24D600F26C25 /* Products */,
				1C7AD1B0D1905FE30C0140BC /* Pods */,
				96148258BA184103F8BED4F1 /* Frameworks */,
			);
			sourceTree = "<group>";
		};
		517909581F6D24D600F26C25 /* Products */ = {
			isa = PBXGroup;
			children = (
				517909571F6D24D600F26C25 /* swag-htn.app */,
			);
			name = Products;
			sourceTree = "<group>";
		};
		517909591F6D24D600F26C25 /* swag-htn */ = {
			isa = PBXGroup;
			children = (
				51AC2D441F6DAA2F00C8AA06 /* swag-htn.entitlements */,
				5179095A1F6D24D600F26C25 /* AppDelegate.swift */,
				5179095C1F6D24D600F26C25 /* ViewController.swift */,
				5179095E1F6D24D600F26C25 /* Main.storyboard */,
				517909611F6D24D600F26C25 /* Assets.xcassets */,
				517909631F6D24D600F26C25 /* LaunchScreen.storyboard */,
				2B3336011F6D2E110009BB26 /* GoogleService-Info.plist */,
				517909661F6D24D600F26C25 /* Info.plist */,
				51AC2D421F6DA91300C8AA06 /* LoginViewController.swift */,
				51AC2D471F6DDE2F00C8AA06 /* DrawViewController.swift */,
			);
			path = "swag-htn";
			sourceTree = "<group>";
		};
		96148258BA184103F8BED4F1 /* Frameworks */ = {
			isa = PBXGroup;
			children = (
				9785066EC4CCCFDC94B0EC67 /* Pods_swag_htn.framework */,
			);
			name = Frameworks;
			sourceTree = "<group>";
		};
/* End PBXGroup section */

/* Begin PBXNativeTarget section */
		517909561F6D24D600F26C25 /* swag-htn */ = {
			isa = PBXNativeTarget;
			buildConfigurationList = 517909691F6D24D600F26C25 /* Build configuration list for PBXNativeTarget "swag-htn" */;
			buildPhases = (
				1DE47267591CF293B28D9175 /* [CP] Check Pods Manifest.lock */,
				517909531F6D24D600F26C25 /* Sources */,
				517909541F6D24D600F26C25 /* Frameworks */,
				517909551F6D24D600F26C25 /* Resources */,
				9C8725CD89532C48D87BC0E5 /* [CP] Embed Pods Frameworks */,
				23936397C62E20F7FBC6D390 /* [CP] Copy Pods Resources */,
			);
			buildRules = (
			);
			dependencies = (
			);
			name = "swag-htn";
			productName = "swag-htn";
			productReference = 517909571F6D24D600F26C25 /* swag-htn.app */;
			productType = "com.apple.product-type.application";
		};
/* End PBXNativeTarget section */

/* Begin PBXProject section */
		5179094F1F6D24D600F26C25 /* Project object */ = {
			isa = PBXProject;
			attributes = {
				LastSwiftUpdateCheck = 0830;
				LastUpgradeCheck = 0830;
				TargetAttributes = {
					517909561F6D24D600F26C25 = {
						CreatedOnToolsVersion = 8.3.2;
						DevelopmentTeam = 9DY7MV95KW;
						ProvisioningStyle = Automatic;
						SystemCapabilities = {
							com.apple.Keychain = {
								enabled = 1;
							};
						};
					};
				};
			};
			buildConfigurationList = 517909521F6D24D600F26C25 /* Build configuration list for PBXProject "swag-htn" */;
			compatibilityVersion = "Xcode 3.2";
			developmentRegion = English;
			hasScannedForEncodings = 0;
			knownRegions = (
				en,
				Base,
			);
			mainGroup = 5179094E1F6D24D600F26C25;
			productRefGroup = 517909581F6D24D600F26C25 /* Products */;
			projectDirPath = "";
			projectRoot = "";
			targets = (
				517909561F6D24D600F26C25 /* swag-htn */,
			);
		};
/* End PBXProject section */

/* Begin PBXResourcesBuildPhase section */
		517909551F6D24D600F26C25 /* Resources */ = {
			isa = PBXResourcesBuildPhase;
			buildActionMask = 2147483647;
			files = (
				517909651F6D24D600F26C25 /* LaunchScreen.storyboard in Resources */,
				2B3336021F6D2E110009BB26 /* GoogleService-Info.plist in Resources */,
				517909621F6D24D600F26C25 /* Assets.xcassets in Resources */,
				517909601F6D24D600F26C25 /* Main.storyboard in Resources */,
			);
			runOnlyForDeploymentPostprocessing = 0;
		};
/* End PBXResourcesBuildPhase section */

/* Begin PBXShellScriptBuildPhase section */
		1DE47267591CF293B28D9175 /* [CP] Check Pods Manifest.lock */ = {
			isa = PBXShellScriptBuildPhase;
			buildActionMask = 2147483647;
			files = (
			);
			inputPaths = (
				"${PODS_PODFILE_DIR_PATH}/Podfile.lock",
				"${PODS_ROOT}/Manifest.lock",
			);
			name = "[CP] Check Pods Manifest.lock";
			outputPaths = (
				"$(DERIVED_FILE_DIR)/Pods-swag-htn-checkManifestLockResult.txt",
			);
			runOnlyForDeploymentPostprocessing = 0;
			shellPath = /bin/sh;
			shellScript = "diff \"${PODS_PODFILE_DIR_PATH}/Podfile.lock\" \"${PODS_ROOT}/Manifest.lock\" > /dev/null\nif [ $? != 0 ] ; then\n    # print error to STDERR\n    echo \"error: The sandbox is not in sync with the Podfile.lock. Run 'pod install' or update your CocoaPods installation.\" >&2\n    exit 1\nfi\n# This output is used by Xcode 'outputs' to avoid re-running this script phase.\necho \"SUCCESS\" > \"${SCRIPT_OUTPUT_FILE_0}\"\n";
			showEnvVarsInLog = 0;
		};
		23936397C62E20F7FBC6D390 /* [CP] Copy Pods Resources */ = {
			isa = PBXShellScriptBuildPhase;
			buildActionMask = 2147483647;
			files = (
			);
			inputPaths = (
				"${SRCROOT}/Pods/Target Support Files/Pods-swag-htn/Pods-swag-htn-resources.sh",
				"${PODS_ROOT}/GoogleSignIn/Resources/GoogleSignIn.bundle",
			);
			name = "[CP] Copy Pods Resources";
			outputPaths = (
				"${TARGET_BUILD_DIR}/${UNLOCALIZED_RESOURCES_FOLDER_PATH}",
			);
			runOnlyForDeploymentPostprocessing = 0;
			shellPath = /bin/sh;
			shellScript = "\"${SRCROOT}/Pods/Target Support Files/Pods-swag-htn/Pods-swag-htn-resources.sh\"\n";
			showEnvVarsInLog = 0;
		};
		9C8725CD89532C48D87BC0E5 /* [CP] Embed Pods Frameworks */ = {
			isa = PBXShellScriptBuildPhase;
			buildActionMask = 2147483647;
			files = (
			);
			inputPaths = (
				"${SRCROOT}/Pods/Target Support Files/Pods-swag-htn/Pods-swag-htn-frameworks.sh",
				"${BUILT_PRODUCTS_DIR}/GTMOAuth2/GTMOAuth2.framework",
				"${BUILT_PRODUCTS_DIR}/GTMSessionFetcher/GTMSessionFetcher.framework",
				"${BUILT_PRODUCTS_DIR}/GoogleToolboxForMac/GoogleToolboxForMac.framework",
				"${BUILT_PRODUCTS_DIR}/SwiftyDraw/SwiftyDraw.framework",
				"${BUILT_PRODUCTS_DIR}/leveldb-library/leveldb.framework",
				"${BUILT_PRODUCTS_DIR}/nanopb/nanopb.framework",
			);
			name = "[CP] Embed Pods Frameworks";
			outputPaths = (
				"${TARGET_BUILD_DIR}/${FRAMEWORKS_FOLDER_PATH}/GTMOAuth2.framework",
				"${TARGET_BUILD_DIR}/${FRAMEWORKS_FOLDER_PATH}/GTMSessionFetcher.framework",
				"${TARGET_BUILD_DIR}/${FRAMEWORKS_FOLDER_PATH}/GoogleToolboxForMac.framework",
				"${TARGET_BUILD_DIR}/${FRAMEWORKS_FOLDER_PATH}/SwiftyDraw.framework",
				"${TARGET_BUILD_DIR}/${FRAMEWORKS_FOLDER_PATH}/leveldb.framework",
				"${TARGET_BUILD_DIR}/${FRAMEWORKS_FOLDER_PATH}/nanopb.framework",
			);
			runOnlyForDeploymentPostprocessing = 0;
			shellPath = /bin/sh;
			shellScript = "\"${SRCROOT}/Pods/Target Support Files/Pods-swag-htn/Pods-swag-htn-frameworks.sh\"\n";
			showEnvVarsInLog = 0;
		};
/* End PBXShellScriptBuildPhase section */

/* Begin PBXSourcesBuildPhase section */
		517909531F6D24D600F26C25 /* Sources */ = {
			isa = PBXSourcesBuildPhase;
			buildActionMask = 2147483647;
			files = (
				51AC2D481F6DDE2F00C8AA06 /* DrawViewController.swift in Sources */,
				51AC2D431F6DA91300C8AA06 /* LoginViewController.swift in Sources */,
				5179095D1F6D24D600F26C25 /* ViewController.swift in Sources */,
				5179095B1F6D24D600F26C25 /* AppDelegate.swift in Sources */,
			);
			runOnlyForDeploymentPostprocessing = 0;
		};
/* End PBXSourcesBuildPhase section */

/* Begin PBXVariantGroup section */
		5179095E1F6D24D600F26C25 /* Main.storyboard */ = {
			isa = PBXVariantGroup;
			children = (
				5179095F1F6D24D600F26C25 /* Base */,
			);
			name = Main.storyboard;
			sourceTree = "<group>";
		};
		517909631F6D24D600F26C25 /* LaunchScreen.storyboard */ = {
			isa = PBXVariantGroup;
			children = (
				517909641F6D24D600F26C25 /* Base */,
			);
			name = LaunchScreen.storyboard;
			sourceTree = "<group>";
		};
/* End PBXVariantGroup section */

/* Begin XCBuildConfiguration section */
		517909671F6D24D600F26C25 /* Debug */ = {
			isa = XCBuildConfiguration;
			buildSettings = {
				ALWAYS_SEARCH_USER_PATHS = NO;
				CLANG_ANALYZER_NONNULL = YES;
				CLANG_ANALYZER_NUMBER_OBJECT_CONVERSION = YES_AGGRESSIVE;
				CLANG_CXX_LANGUAGE_STANDARD = "gnu++0x";
				CLANG_CXX_LIBRARY = "libc++";
				CLANG_ENABLE_MODULES = YES;
				CLANG_ENABLE_OBJC_ARC = YES;
				CLANG_WARN_BOOL_CONVERSION = YES;
				CLANG_WARN_CONSTANT_CONVERSION = YES;
				CLANG_WARN_DIRECT_OBJC_ISA_USAGE = YES_ERROR;
				CLANG_WARN_DOCUMENTATION_COMMENTS = YES;
				CLANG_WARN_EMPTY_BODY = YES;
				CLANG_WARN_ENUM_CONVERSION = YES;
				CLANG_WARN_INFINITE_RECURSION = YES;
				CLANG_WARN_INT_CONVERSION = YES;
				CLANG_WARN_OBJC_ROOT_CLASS = YES_ERROR;
				CLANG_WARN_SUSPICIOUS_MOVE = YES;
				CLANG_WARN_UNREACHABLE_CODE = YES;
				CLANG_WARN__DUPLICATE_METHOD_MATCH = YES;
				"CODE_SIGN_IDENTITY[sdk=iphoneos*]" = "iPhone Developer";
				COPY_PHASE_STRIP = NO;
				DEBUG_INFORMATION_FORMAT = dwarf;
				ENABLE_STRICT_OBJC_MSGSEND = YES;
				ENABLE_TESTABILITY = YES;
				GCC_C_LANGUAGE_STANDARD = gnu99;
				GCC_DYNAMIC_NO_PIC = NO;
				GCC_NO_COMMON_BLOCKS = YES;
				GCC_OPTIMIZATION_LEVEL = 0;
				GCC_PREPROCESSOR_DEFINITIONS = (
					"DEBUG=1",
					"$(inherited)",
				);
				GCC_WARN_64_TO_32_BIT_CONVERSION = YES;
				GCC_WARN_ABOUT_RETURN_TYPE = YES_ERROR;
				GCC_WARN_UNDECLARED_SELECTOR = YES;
				GCC_WARN_UNINITIALIZED_AUTOS = YES_AGGRESSIVE;
				GCC_WARN_UNUSED_FUNCTION = YES;
				GCC_WARN_UNUSED_VARIABLE = YES;
				IPHONEOS_DEPLOYMENT_TARGET = 10.3;
				MTL_ENABLE_DEBUG_INFO = YES;
				ONLY_ACTIVE_ARCH = YES;
				SDKROOT = iphoneos;
				SWIFT_ACTIVE_COMPILATION_CONDITIONS = DEBUG;
				SWIFT_OPTIMIZATION_LEVEL = "-Onone";
			};
			name = Debug;
		};
		517909681F6D24D600F26C25 /* Release */ = {
			isa = XCBuildConfiguration;
			buildSettings = {
				ALWAYS_SEARCH_USER_PATHS = NO;
				CLANG_ANALYZER_NONNULL = YES;
				CLANG_ANALYZER_NUMBER_OBJECT_CONVERSION = YES_AGGRESSIVE;
				CLANG_CXX_LANGUAGE_STANDARD = "gnu++0x";
				CLANG_CXX_LIBRARY = "libc++";
				CLANG_ENABLE_MODULES = YES;
				CLANG_ENABLE_OBJC_ARC = YES;
				CLANG_WARN_BOOL_CONVERSION = YES;
				CLANG_WARN_CONSTANT_CONVERSION = YES;
				CLANG_WARN_DIRECT_OBJC_ISA_USAGE = YES_ERROR;
				CLANG_WARN_DOCUMENTATION_COMMENTS = YES;
				CLANG_WARN_EMPTY_BODY = YES;
				CLANG_WARN_ENUM_CONVERSION = YES;
				CLANG_WARN_INFINITE_RECURSION = YES;
				CLANG_WARN_INT_CONVERSION = YES;
				CLANG_WARN_OBJC_ROOT_CLASS = YES_ERROR;
				CLANG_WARN_SUSPICIOUS_MOVE = YES;
				CLANG_WARN_UNREACHABLE_CODE = YES;
				CLANG_WARN__DUPLICATE_METHOD_MATCH = YES;
				"CODE_SIGN_IDENTITY[sdk=iphoneos*]" = "iPhone Developer";
				COPY_PHASE_STRIP = NO;
				DEBUG_INFORMATION_FORMAT = "dwarf-with-dsym";
				ENABLE_NS_ASSERTIONS = NO;
				ENABLE_STRICT_OBJC_MSGSEND = YES;
				GCC_C_LANGUAGE_STANDARD = gnu99;
				GCC_NO_COMMON_BLOCKS = YES;
				GCC_WARN_64_TO_32_BIT_CONVERSION = YES;
				GCC_WARN_ABOUT_RETURN_TYPE = YES_ERROR;
				GCC_WARN_UNDECLARED_SELECTOR = YES;
				GCC_WARN_UNINITIALIZED_AUTOS = YES_AGGRESSIVE;
				GCC_WARN_UNUSED_FUNCTION = YES;
				GCC_WARN_UNUSED_VARIABLE = YES;
				IPHONEOS_DEPLOYMENT_TARGET = 10.3;
				MTL_ENABLE_DEBUG_INFO = NO;
				SDKROOT = iphoneos;
				SWIFT_OPTIMIZATION_LEVEL = "-Owholemodule";
				VALIDATE_PRODUCT = YES;
			};
			name = Release;
		};
		5179096A1F6D24D600F26C25 /* Debug */ = {
			isa = XCBuildConfiguration;
			baseConfigurationReference = A8543DB858CC117AE6F2D902 /* Pods-swag-htn.debug.xcconfig */;
			buildSettings = {
				ASSETCATALOG_COMPILER_APPICON_NAME = AppIcon;
				CODE_SIGN_ENTITLEMENTS = "swag-htn/swag-htn.entitlements";
				DEVELOPMENT_TEAM = 9DY7MV95KW;
				INFOPLIST_FILE = "swag-htn/Info.plist";
				IPHONEOS_DEPLOYMENT_TARGET = 9.0;
				LD_RUNPATH_SEARCH_PATHS = "$(inherited) @executable_path/Frameworks";
				PRODUCT_BUNDLE_IDENTIFIER = "com.swag-htn";
				PRODUCT_NAME = "$(TARGET_NAME)";
				SWIFT_VERSION = 3.0;
			};
			name = Debug;
		};
		5179096B1F6D24D600F26C25 /* Release */ = {
			isa = XCBuildConfiguration;
			baseConfigurationReference = BCF052D0BDF16D743F5BE26C /* Pods-swag-htn.release.xcconfig */;
			buildSettings = {
				ASSETCATALOG_COMPILER_APPICON_NAME = AppIcon;
				CODE_SIGN_ENTITLEMENTS = "swag-htn/swag-htn.entitlements";
				DEVELOPMENT_TEAM = 9DY7MV95KW;
				INFOPLIST_FILE = "swag-htn/Info.plist";
				IPHONEOS_DEPLOYMENT_TARGET = 9.0;
				LD_RUNPATH_SEARCH_PATHS = "$(inherited) @executable_path/Frameworks";
				PRODUCT_BUNDLE_IDENTIFIER = "com.swag-htn";
				PRODUCT_NAME = "$(TARGET_NAME)";
				SWIFT_VERSION = 3.0;
			};
			name = Release;
		};
/* End XCBuildConfiguration section */

/* Begin XCConfigurationList section */
		517909521F6D24D600F26C25 /* Build configuration list for PBXProject "swag-htn" */ = {
			isa = XCConfigurationList;
			buildConfigurations = (
				517909671F6D24D600F26C25 /* Debug */,
				517909681F6D24D600F26C25 /* Release */,
			);
			defaultConfigurationIsVisible = 0;
			defaultConfigurationName = Release;
		};
		517909691F6D24D600F26C25 /* Build configuration list for PBXNativeTarget "swag-htn" */ = {
			isa = XCConfigurationList;
			buildConfigurations = (
				5179096A1F6D24D600F26C25 /* Debug */,
				5179096B1F6D24D600F26C25 /* Release */,
			);
			defaultConfigurationIsVisible = 0;
			defaultConfigurationName = Release;
		};
/* End XCConfigurationList section */
	};
	rootObject = 5179094F1F6D24D600F26C25 /* Project object */;
}
